// !$*UTF8*$!
{
	archiveVersion = 1;
	classes = {
	};
	objectVersion = 51;
	objects = {

/* Begin PBXBuildFile section */
		14E172F314181084765D9187 /* Pods_ComputeInstanceStatus.framework in Frameworks */ = {isa = PBXBuildFile; fileRef = 5F46361E4B389D4AF802E8FA /* Pods_ComputeInstanceStatus.framework */; };
		5B63A58E23845BFD007A856D /* AppDelegate.swift in Sources */ = {isa = PBXBuildFile; fileRef = 5B63A58D23845BFD007A856D /* AppDelegate.swift */; };
		5B63A59323845BFD007A856D /* ComputeInstanceStatus.xcdatamodeld in Sources */ = {isa = PBXBuildFile; fileRef = 5B63A59123845BFD007A856D /* ComputeInstanceStatus.xcdatamodeld */; };
		5B63A59523845BFF007A856D /* Assets.xcassets in Resources */ = {isa = PBXBuildFile; fileRef = 5B63A59423845BFF007A856D /* Assets.xcassets */; };
		5B63A59823845BFF007A856D /* Main.storyboard in Resources */ = {isa = PBXBuildFile; fileRef = 5B63A59623845BFF007A856D /* Main.storyboard */; };
		5BDD52A423871541006988DA /* index-macos in Resources */ = {isa = PBXBuildFile; fileRef = 5BDD52A323871541006988DA /* index-macos */; };
		5BDD52A623872A34006988DA /* Podfile in Resources */ = {isa = PBXBuildFile; fileRef = 5BDD52A523872A34006988DA /* Podfile */; };
		5BDD52A923895DD2006988DA /* PreferencesViewController.swift in Sources */ = {isa = PBXBuildFile; fileRef = 5BDD52A723895DD2006988DA /* PreferencesViewController.swift */; };
		5BDD52AA23895DD2006988DA /* PreferencesViewController.xib in Resources */ = {isa = PBXBuildFile; fileRef = 5BDD52A823895DD2006988DA /* PreferencesViewController.xib */; };
		5BDD52AC23896C6B006988DA /* GCPService.swift in Sources */ = {isa = PBXBuildFile; fileRef = 5BDD52AB23896C6B006988DA /* GCPService.swift */; };
		5BDD52AE2389738F006988DA /* UserDefaultService.swift in Sources */ = {isa = PBXBuildFile; fileRef = 5BDD52AD2389738F006988DA /* UserDefaultService.swift */; };
/* End PBXBuildFile section */

/* Begin PBXFileReference section */
		5B63A58A23845BFD007A856D /* ComputeInstanceStatus.app */ = {isa = PBXFileReference; explicitFileType = wrapper.application; includeInIndex = 0; path = ComputeInstanceStatus.app; sourceTree = BUILT_PRODUCTS_DIR; };
		5B63A58D23845BFD007A856D /* AppDelegate.swift */ = {isa = PBXFileReference; lastKnownFileType = sourcecode.swift; path = AppDelegate.swift; sourceTree = "<group>"; };
		5B63A59223845BFD007A856D /* ComputeInstanceStatus.xcdatamodel */ = {isa = PBXFileReference; lastKnownFileType = wrapper.xcdatamodel; path = ComputeInstanceStatus.xcdatamodel; sourceTree = "<group>"; };
		5B63A59423845BFF007A856D /* Assets.xcassets */ = {isa = PBXFileReference; lastKnownFileType = folder.assetcatalog; path = Assets.xcassets; sourceTree = "<group>"; };
		5B63A59723845BFF007A856D /* Base */ = {isa = PBXFileReference; lastKnownFileType = file.storyboard; name = Base; path = Base.lproj/Main.storyboard; sourceTree = "<group>"; };
		5B63A59923845BFF007A856D /* Info.plist */ = {isa = PBXFileReference; lastKnownFileType = text.plist.xml; path = Info.plist; sourceTree = "<group>"; };
		5B63A59A23845BFF007A856D /* ComputeInstanceStatus.entitlements */ = {isa = PBXFileReference; lastKnownFileType = text.plist.entitlements; path = ComputeInstanceStatus.entitlements; sourceTree = "<group>"; };
		5BDD52A323871541006988DA /* index-macos */ = {isa = PBXFileReference; lastKnownFileType = "compiled.mach-o.executable"; path = "index-macos"; sourceTree = "<group>"; };
		5BDD52A523872A34006988DA /* Podfile */ = {isa = PBXFileReference; fileEncoding = 4; lastKnownFileType = text; path = Podfile; sourceTree = SOURCE_ROOT; };
		5BDD52A723895DD2006988DA /* PreferencesViewController.swift */ = {isa = PBXFileReference; lastKnownFileType = sourcecode.swift; path = PreferencesViewController.swift; sourceTree = "<group>"; };
		5BDD52A823895DD2006988DA /* PreferencesViewController.xib */ = {isa = PBXFileReference; lastKnownFileType = file.xib; path = PreferencesViewController.xib; sourceTree = "<group>"; };
		5BDD52AB23896C6B006988DA /* GCPService.swift */ = {isa = PBXFileReference; lastKnownFileType = sourcecode.swift; path = GCPService.swift; sourceTree = "<group>"; };
		5BDD52AD2389738F006988DA /* UserDefaultService.swift */ = {isa = PBXFileReference; lastKnownFileType = sourcecode.swift; path = UserDefaultService.swift; sourceTree = "<group>"; };
		5F46361E4B389D4AF802E8FA /* Pods_ComputeInstanceStatus.framework */ = {isa = PBXFileReference; explicitFileType = wrapper.framework; includeInIndex = 0; path = Pods_ComputeInstanceStatus.framework; sourceTree = BUILT_PRODUCTS_DIR; };
		C2F20AF5366E9DF1669A6293 /* Pods-ComputeInstanceStatus.release.xcconfig */ = {isa = PBXFileReference; includeInIndex = 1; lastKnownFileType = text.xcconfig; name = "Pods-ComputeInstanceStatus.release.xcconfig"; path = "Pods/Target Support Files/Pods-ComputeInstanceStatus/Pods-ComputeInstanceStatus.release.xcconfig"; sourceTree = "<group>"; };
		C35E92104A4560C414F6D012 /* Pods-ComputeInstanceStatus.debug.xcconfig */ = {isa = PBXFileReference; includeInIndex = 1; lastKnownFileType = text.xcconfig; name = "Pods-ComputeInstanceStatus.debug.xcconfig"; path = "Pods/Target Support Files/Pods-ComputeInstanceStatus/Pods-ComputeInstanceStatus.debug.xcconfig"; sourceTree = "<group>"; };
/* End PBXFileReference section */

/* Begin PBXFrameworksBuildPhase section */
		5B63A58723845BFD007A856D /* Frameworks */ = {
			isa = PBXFrameworksBuildPhase;
			buildActionMask = 2147483647;
			files = (
				14E172F314181084765D9187 /* Pods_ComputeInstanceStatus.framework in Frameworks */,
			);
			runOnlyForDeploymentPostprocessing = 0;
		};
/* End PBXFrameworksBuildPhase section */

/* Begin PBXGroup section */
		04EA5FC652D7DAA762A7B8C9 /* Frameworks */ = {
			isa = PBXGroup;
			children = (
				5F46361E4B389D4AF802E8FA /* Pods_ComputeInstanceStatus.framework */,
			);
			name = Frameworks;
			sourceTree = "<group>";
		};
		5B63A58123845BFD007A856D = {
			isa = PBXGroup;
			children = (
				5B63A58C23845BFD007A856D /* ComputeInstanceStatus */,
				5B63A58B23845BFD007A856D /* Products */,
				877DA9A93BC63E0FDE24C112 /* Pods */,
				04EA5FC652D7DAA762A7B8C9 /* Frameworks */,
			);
			sourceTree = "<group>";
		};
		5B63A58B23845BFD007A856D /* Products */ = {
			isa = PBXGroup;
			children = (
				5B63A58A23845BFD007A856D /* ComputeInstanceStatus.app */,
			);
			name = Products;
			sourceTree = "<group>";
		};
		5B63A58C23845BFD007A856D /* ComputeInstanceStatus */ = {
			isa = PBXGroup;
			children = (
				5BDD52A523872A34006988DA /* Podfile */,
				5BDD52A323871541006988DA /* index-macos */,
				5B63A58D23845BFD007A856D /* AppDelegate.swift */,
				5BDD52A723895DD2006988DA /* PreferencesViewController.swift */,
				5BDD52A823895DD2006988DA /* PreferencesViewController.xib */,
				5B63A59423845BFF007A856D /* Assets.xcassets */,
				5B63A59623845BFF007A856D /* Main.storyboard */,
				5B63A59923845BFF007A856D /* Info.plist */,
				5B63A59A23845BFF007A856D /* ComputeInstanceStatus.entitlements */,
				5B63A59123845BFD007A856D /* ComputeInstanceStatus.xcdatamodeld */,
				5BDD52AB23896C6B006988DA /* GCPService.swift */,
				5BDD52AD2389738F006988DA /* UserDefaultService.swift */,
			);
			path = ComputeInstanceStatus;
			sourceTree = "<group>";
		};
		877DA9A93BC63E0FDE24C112 /* Pods */ = {
			isa = PBXGroup;
			children = (
				C35E92104A4560C414F6D012 /* Pods-ComputeInstanceStatus.debug.xcconfig */,
				C2F20AF5366E9DF1669A6293 /* Pods-ComputeInstanceStatus.release.xcconfig */,
			);
			name = Pods;
			sourceTree = "<group>";
		};
/* End PBXGroup section */

/* Begin PBXNativeTarget section */
		5B63A58923845BFD007A856D /* ComputeInstanceStatus */ = {
			isa = PBXNativeTarget;
			buildConfigurationList = 5B63A59D23845BFF007A856D /* Build configuration list for PBXNativeTarget "ComputeInstanceStatus" */;
			buildPhases = (
				A3FD2DDD20D9EEED2DED6F20 /* [CP] Check Pods Manifest.lock */,
				5B63A58623845BFD007A856D /* Sources */,
				5B63A58723845BFD007A856D /* Frameworks */,
				5B63A58823845BFD007A856D /* Resources */,
				A40394150AD0B7F484C05A2D /* [CP] Embed Pods Frameworks */,
			);
			buildRules = (
			);
			dependencies = (
			);
			name = ComputeInstanceStatus;
			productName = ComputeInstanceStatus;
			productReference = 5B63A58A23845BFD007A856D /* ComputeInstanceStatus.app */;
			productType = "com.apple.product-type.application";
		};
/* End PBXNativeTarget section */

/* Begin PBXProject section */
		5B63A58223845BFD007A856D /* Project object */ = {
			isa = PBXProject;
			attributes = {
				LastSwiftUpdateCheck = 1100;
				LastUpgradeCheck = 1100;
				ORGANIZATIONNAME = "Jaap Mengers";
				TargetAttributes = {
					5B63A58923845BFD007A856D = {
						CreatedOnToolsVersion = 11.0;
					};
				};
			};
			buildConfigurationList = 5B63A58523845BFD007A856D /* Build configuration list for PBXProject "ComputeInstanceStatus" */;
			compatibilityVersion = "Xcode 9.3";
			developmentRegion = en;
			hasScannedForEncodings = 0;
			knownRegions = (
				en,
				Base,
			);
			mainGroup = 5B63A58123845BFD007A856D;
			productRefGroup = 5B63A58B23845BFD007A856D /* Products */;
			projectDirPath = "";
			projectRoot = "";
			targets = (
				5B63A58923845BFD007A856D /* ComputeInstanceStatus */,
			);
		};
/* End PBXProject section */

/* Begin PBXResourcesBuildPhase section */
		5B63A58823845BFD007A856D /* Resources */ = {
			isa = PBXResourcesBuildPhase;
			buildActionMask = 2147483647;
			files = (
				5B63A59523845BFF007A856D /* Assets.xcassets in Resources */,
				5BDD52AA23895DD2006988DA /* PreferencesViewController.xib in Resources */,
				5B63A59823845BFF007A856D /* Main.storyboard in Resources */,
				5BDD52A623872A34006988DA /* Podfile in Resources */,
				5BDD52A423871541006988DA /* index-macos in Resources */,
			);
			runOnlyForDeploymentPostprocessing = 0;
		};
/* End PBXResourcesBuildPhase section */

/* Begin PBXShellScriptBuildPhase section */
		A3FD2DDD20D9EEED2DED6F20 /* [CP] Check Pods Manifest.lock */ = {
			isa = PBXShellScriptBuildPhase;
			buildActionMask = 2147483647;
			files = (
			);
			inputFileListPaths = (
			);
			inputPaths = (
				"${PODS_PODFILE_DIR_PATH}/Podfile.lock",
				"${PODS_ROOT}/Manifest.lock",
			);
			name = "[CP] Check Pods Manifest.lock";
			outputFileListPaths = (
			);
			outputPaths = (
				"$(DERIVED_FILE_DIR)/Pods-ComputeInstanceStatus-checkManifestLockResult.txt",
			);
			runOnlyForDeploymentPostprocessing = 0;
			shellPath = /bin/sh;
			shellScript = "diff \"${PODS_PODFILE_DIR_PATH}/Podfile.lock\" \"${PODS_ROOT}/Manifest.lock\" > /dev/null\nif [ $? != 0 ] ; then\n    # print error to STDERR\n    echo \"error: The sandbox is not in sync with the Podfile.lock. Run 'pod install' or update your CocoaPods installation.\" >&2\n    exit 1\nfi\n# This output is used by Xcode 'outputs' to avoid re-running this script phase.\necho \"SUCCESS\" > \"${SCRIPT_OUTPUT_FILE_0}\"\n";
			showEnvVarsInLog = 0;
		};
		A40394150AD0B7F484C05A2D /* [CP] Embed Pods Frameworks */ = {
			isa = PBXShellScriptBuildPhase;
			buildActionMask = 2147483647;
			files = (
			);
			inputFileListPaths = (
				"${PODS_ROOT}/Target Support Files/Pods-ComputeInstanceStatus/Pods-ComputeInstanceStatus-frameworks-${CONFIGURATION}-input-files.xcfilelist",
			);
			name = "[CP] Embed Pods Frameworks";
			outputFileListPaths = (
				"${PODS_ROOT}/Target Support Files/Pods-ComputeInstanceStatus/Pods-ComputeInstanceStatus-frameworks-${CONFIGURATION}-output-files.xcfilelist",
			);
			runOnlyForDeploymentPostprocessing = 0;
			shellPath = /bin/sh;
			shellScript = "\"${PODS_ROOT}/Target Support Files/Pods-ComputeInstanceStatus/Pods-ComputeInstanceStatus-frameworks.sh\"\n";
			showEnvVarsInLog = 0;
		};
/* End PBXShellScriptBuildPhase section */

/* Begin PBXSourcesBuildPhase section */
		5B63A58623845BFD007A856D /* Sources */ = {
			isa = PBXSourcesBuildPhase;
			buildActionMask = 2147483647;
			files = (
				5B63A58E23845BFD007A856D /* AppDelegate.swift in Sources */,
				5B63A59323845BFD007A856D /* ComputeInstanceStatus.xcdatamodeld in Sources */,
				5BDD52AC23896C6B006988DA /* GCPService.swift in Sources */,
				5BDD52AE2389738F006988DA /* UserDefaultService.swift in Sources */,
				5BDD52A923895DD2006988DA /* PreferencesViewController.swift in Sources */,
			);
			runOnlyForDeploymentPostprocessing = 0;
		};
/* End PBXSourcesBuildPhase section */

/* Begin PBXVariantGroup section */
		5B63A59623845BFF007A856D /* Main.storyboard */ = {
			isa = PBXVariantGroup;
			children = (
				5B63A59723845BFF007A856D /* Base */,
			);
			name = Main.storyboard;
			sourceTree = "<group>";
		};
/* End PBXVariantGroup section */

/* Begin XCBuildConfiguration section */
		5B63A59B23845BFF007A856D /* Debug */ = {
			isa = XCBuildConfiguration;
			buildSettings = {
				ALWAYS_SEARCH_USER_PATHS = NO;
				CLANG_ANALYZER_NONNULL = YES;
				CLANG_ANALYZER_NUMBER_OBJECT_CONVERSION = YES_AGGRESSIVE;
				CLANG_CXX_LANGUAGE_STANDARD = "gnu++14";
				CLANG_CXX_LIBRARY = "libc++";
				CLANG_ENABLE_MODULES = YES;
				CLANG_ENABLE_OBJC_ARC = YES;
				CLANG_ENABLE_OBJC_WEAK = YES;
				CLANG_WARN_BLOCK_CAPTURE_AUTORELEASING = YES;
				CLANG_WARN_BOOL_CONVERSION = YES;
				CLANG_WARN_COMMA = YES;
				CLANG_WARN_CONSTANT_CONVERSION = YES;
				CLANG_WARN_DEPRECATED_OBJC_IMPLEMENTATIONS = YES;
				CLANG_WARN_DIRECT_OBJC_ISA_USAGE = YES_ERROR;
				CLANG_WARN_DOCUMENTATION_COMMENTS = YES;
				CLANG_WARN_EMPTY_BODY = YES;
				CLANG_WARN_ENUM_CONVERSION = YES;
				CLANG_WARN_INFINITE_RECURSION = YES;
				CLANG_WARN_INT_CONVERSION = YES;
				CLANG_WARN_NON_LITERAL_NULL_CONVERSION = YES;
				CLANG_WARN_OBJC_IMPLICIT_RETAIN_SELF = YES;
				CLANG_WARN_OBJC_LITERAL_CONVERSION = YES;
				CLANG_WARN_OBJC_ROOT_CLASS = YES_ERROR;
				CLANG_WARN_RANGE_LOOP_ANALYSIS = YES;
				CLANG_WARN_STRICT_PROTOTYPES = YES;
				CLANG_WARN_SUSPICIOUS_MOVE = YES;
				CLANG_WARN_UNGUARDED_AVAILABILITY = YES_AGGRESSIVE;
				CLANG_WARN_UNREACHABLE_CODE = YES;
				CLANG_WARN__DUPLICATE_METHOD_MATCH = YES;
				COPY_PHASE_STRIP = NO;
				DEBUG_INFORMATION_FORMAT = dwarf;
				ENABLE_STRICT_OBJC_MSGSEND = YES;
				ENABLE_TESTABILITY = YES;
				GCC_C_LANGUAGE_STANDARD = gnu11;
				GCC_DYNAMIC_NO_PIC = NO;
				GCC_NO_COMMON_BLOCKS = YES;
				GCC_OPTIMIZATION_LEVEL = 0;
				GCC_PREPROCESSOR_DEFINITIONS = (
					"DEBUG=1",
					"$(inherited)",
				);
				GCC_WARN_64_TO_32_BIT_CONVERSION = YES;
				GCC_WARN_ABOUT_RETURN_TYPE = YES_ERROR;
				GCC_WARN_UNDECLARED_SELECTOR = YES;
				GCC_WARN_UNINITIALIZED_AUTOS = YES_AGGRESSIVE;
				GCC_WARN_UNUSED_FUNCTION = YES;
				GCC_WARN_UNUSED_VARIABLE = YES;
				MACOSX_DEPLOYMENT_TARGET = 10.15;
				MTL_ENABLE_DEBUG_INFO = INCLUDE_SOURCE;
				MTL_FAST_MATH = YES;
				ONLY_ACTIVE_ARCH = YES;
				SDKROOT = macosx;
				SWIFT_ACTIVE_COMPILATION_CONDITIONS = DEBUG;
				SWIFT_OPTIMIZATION_LEVEL = "-Onone";
			};
			name = Debug;
		};
		5B63A59C23845BFF007A856D /* Release */ = {
			isa = XCBuildConfiguration;
			buildSettings = {
				ALWAYS_SEARCH_USER_PATHS = NO;
				CLANG_ANALYZER_NONNULL = YES;
				CLANG_ANALYZER_NUMBER_OBJECT_CONVERSION = YES_AGGRESSIVE;
				CLANG_CXX_LANGUAGE_STANDARD = "gnu++14";
				CLANG_CXX_LIBRARY = "libc++";
				CLANG_ENABLE_MODULES = YES;
				CLANG_ENABLE_OBJC_ARC = YES;
				CLANG_ENABLE_OBJC_WEAK = YES;
				CLANG_WARN_BLOCK_CAPTURE_AUTORELEASING = YES;
				CLANG_WARN_BOOL_CONVERSION = YES;
				CLANG_WARN_COMMA = YES;
				CLANG_WARN_CONSTANT_CONVERSION = YES;
				CLANG_WARN_DEPRECATED_OBJC_IMPLEMENTATIONS = YES;
				CLANG_WARN_DIRECT_OBJC_ISA_USAGE = YES_ERROR;
				CLANG_WARN_DOCUMENTATION_COMMENTS = YES;
				CLANG_WARN_EMPTY_BODY = YES;
				CLANG_WARN_ENUM_CONVERSION = YES;
				CLANG_WARN_INFINITE_RECURSION = YES;
				CLANG_WARN_INT_CONVERSION = YES;
				CLANG_WARN_NON_LITERAL_NULL_CONVERSION = YES;
				CLANG_WARN_OBJC_IMPLICIT_RETAIN_SELF = YES;
				CLANG_WARN_OBJC_LITERAL_CONVERSION = YES;
				CLANG_WARN_OBJC_ROOT_CLASS = YES_ERROR;
				CLANG_WARN_RANGE_LOOP_ANALYSIS = YES;
				CLANG_WARN_STRICT_PROTOTYPES = YES;
				CLANG_WARN_SUSPICIOUS_MOVE = YES;
				CLANG_WARN_UNGUARDED_AVAILABILITY = YES_AGGRESSIVE;
				CLANG_WARN_UNREACHABLE_CODE = YES;
				CLANG_WARN__DUPLICATE_METHOD_MATCH = YES;
				COPY_PHASE_STRIP = NO;
				DEBUG_INFORMATION_FORMAT = "dwarf-with-dsym";
				ENABLE_NS_ASSERTIONS = NO;
				ENABLE_STRICT_OBJC_MSGSEND = YES;
				GCC_C_LANGUAGE_STANDARD = gnu11;
				GCC_NO_COMMON_BLOCKS = YES;
				GCC_WARN_64_TO_32_BIT_CONVERSION = YES;
				GCC_WARN_ABOUT_RETURN_TYPE = YES_ERROR;
				GCC_WARN_UNDECLARED_SELECTOR = YES;
				GCC_WARN_UNINITIALIZED_AUTOS = YES_AGGRESSIVE;
				GCC_WARN_UNUSED_FUNCTION = YES;
				GCC_WARN_UNUSED_VARIABLE = YES;
				MACOSX_DEPLOYMENT_TARGET = 10.15;
				MTL_ENABLE_DEBUG_INFO = NO;
				MTL_FAST_MATH = YES;
				SDKROOT = macosx;
				SWIFT_COMPILATION_MODE = wholemodule;
				SWIFT_OPTIMIZATION_LEVEL = "-O";
			};
			name = Release;
		};
		5B63A59E23845BFF007A856D /* Debug */ = {
			isa = XCBuildConfiguration;
			baseConfigurationReference = C35E92104A4560C414F6D012 /* Pods-ComputeInstanceStatus.debug.xcconfig */;
			buildSettings = {
				ASSETCATALOG_COMPILER_APPICON_NAME = AppIcon;
				CODE_SIGN_ENTITLEMENTS = ComputeInstanceStatus/ComputeInstanceStatus.entitlements;
				CODE_SIGN_STYLE = Automatic;
				COMBINE_HIDPI_IMAGES = YES;
				DEVELOPMENT_TEAM = W92QL5HSWM;
				ENABLE_HARDENED_RUNTIME = YES;
				INFOPLIST_FILE = ComputeInstanceStatus/Info.plist;
				LD_RUNPATH_SEARCH_PATHS = (
					"$(inherited)",
					"@executable_path/../Frameworks",
				);
				MACOSX_DEPLOYMENT_TARGET = 10.12;
				PRODUCT_BUNDLE_IDENTIFIER = com.jaapmengers.ComputeInstanceStatus;
				PRODUCT_NAME = "$(TARGET_NAME)";
				SWIFT_VERSION = 5.0;
			};
			name = Debug;
		};
		5B63A59F23845BFF007A856D /* Release */ = {
			isa = XCBuildConfiguration;
			baseConfigurationReference = C2F20AF5366E9DF1669A6293 /* Pods-ComputeInstanceStatus.release.xcconfig */;
			buildSettings = {
				ASSETCATALOG_COMPILER_APPICON_NAME = AppIcon;
				CODE_SIGN_ENTITLEMENTS = ComputeInstanceStatus/ComputeInstanceStatus.entitlements;
				CODE_SIGN_STYLE = Automatic;
				COMBINE_HIDPI_IMAGES = YES;
				DEVELOPMENT_TEAM = W92QL5HSWM;
				ENABLE_HARDENED_RUNTIME = YES;
				INFOPLIST_FILE = ComputeInstanceStatus/Info.plist;
				LD_RUNPATH_SEARCH_PATHS = (
					"$(inherited)",
					"@executable_path/../Frameworks",
				);
				MACOSX_DEPLOYMENT_TARGET = 10.12;
				PRODUCT_BUNDLE_IDENTIFIER = com.jaapmengers.ComputeInstanceStatus;
				PRODUCT_NAME = "$(TARGET_NAME)";
				SWIFT_VERSION = 5.0;
			};
			name = Release;
		};
/* End XCBuildConfiguration section */

/* Begin XCConfigurationList section */
		5B63A58523845BFD007A856D /* Build configuration list for PBXProject "ComputeInstanceStatus" */ = {
			isa = XCConfigurationList;
			buildConfigurations = (
				5B63A59B23845BFF007A856D /* Debug */,
				5B63A59C23845BFF007A856D /* Release */,
			);
			defaultConfigurationIsVisible = 0;
			defaultConfigurationName = Release;
		};
		5B63A59D23845BFF007A856D /* Build configuration list for PBXNativeTarget "ComputeInstanceStatus" */ = {
			isa = XCConfigurationList;
			buildConfigurations = (
				5B63A59E23845BFF007A856D /* Debug */,
				5B63A59F23845BFF007A856D /* Release */,
			);
			defaultConfigurationIsVisible = 0;
			defaultConfigurationName = Release;
		};
/* End XCConfigurationList section */

/* Begin XCVersionGroup section */
		5B63A59123845BFD007A856D /* ComputeInstanceStatus.xcdatamodeld */ = {
			isa = XCVersionGroup;
			children = (
				5B63A59223845BFD007A856D /* ComputeInstanceStatus.xcdatamodel */,
			);
			currentVersion = 5B63A59223845BFD007A856D /* ComputeInstanceStatus.xcdatamodel */;
			path = ComputeInstanceStatus.xcdatamodeld;
			sourceTree = "<group>";
			versionGroupType = wrapper.xcdatamodel;
		};
/* End XCVersionGroup section */
	};
	rootObject = 5B63A58223845BFD007A856D /* Project object */;
}
